
Microsoft Visual Studio Solution File, Format Version 12.00
# Visual Studio Version 16
VisualStudioVersion = 16.0.30907.101
MinimumVisualStudioVersion = 10.0.40219.1
Project("{FAE04EC0-301F-11D3-BF4B-00C04F79EFBC}") = "PROGRAMA,5", "PROGRAMA,5.csproj", "{341766E8-A882-4E0C-B028-8C440EE0F43A}"
EndProject
Global
	GlobalSection(SolutionConfigurationPlatforms) = preSolution
		Debug|Any CPU = Debug|Any CPU
		Release|Any CPU = Release|Any CPU
	EndGlobalSection
	GlobalSection(ProjectConfigurationPlatforms) = postSolution
		{341766E8-A882-4E0C-B028-8C440EE0F43A}.Debug|Any CPU.ActiveCfg = Debug|Any CPU
		{341766E8-A882-4E0C-B028-8C440EE0F43A}.Debug|Any CPU.Build.0 = Debug|Any CPU
		{341766E8-A882-4E0C-B028-8C440EE0F43A}.Release|Any CPU.ActiveCfg = Release|Any CPU
		{341766E8-A882-4E0C-B028-8C440EE0F43A}.Release|Any CPU.Build.0 = Release|Any CPU
	EndGlobalSection
	GlobalSection(SolutionProperties) = preSolution
		HideSolutionNode = FALSE
	EndGlobalSection
	GlobalSection(ExtensibilityGlobals) = postSolution
		SolutionGuid = {B9808A22-1D55-4130-84F0-A00AE40D3DF5}
	EndGlobalSection
EndGlobal
